
Microsoft Visual Studio Solution File, Format Version 12.00
# Visual Studio Version 17
VisualStudioVersion = 17.0.31903.59
MinimumVisualStudioVersion = 10.0.40219.1
Project("{2150E333-8FDC-42A3-9474-1A3956D46DE8}") = "src", "src", "{60C51BC9-B425-46F1-8F2A-BE6A513A7EAF}"
EndProject
Project("{9A19103F-16F7-4668-BE54-9A1E7A4F7556}") = "DotnetEdu.Data", "DotnetEdu.Data\DotnetEdu.Data.csproj", "{239009F3-6701-4800-B8FC-3D602EE5DB30}"
EndProject
Project("{9A19103F-16F7-4668-BE54-9A1E7A4F7556}") = "DotnetEdu.Domain", "DotnetEdu.Domain\DotnetEdu.Domain.csproj", "{E1B34BF1-9C4F-4CDB-A837-148FCACF713F}"
EndProject
Project("{9A19103F-16F7-4668-BE54-9A1E7A4F7556}") = "DotnetEdu.Service", "DotnetEdu.Service\DotnetEdu.Service.csproj", "{7FCD05D8-BB24-4F0B-B308-B49FB275D4A9}"
EndProject
Project("{FAE04EC0-301F-11D3-BF4B-00C04F79EFBC}") = "DotnetEdu.API", "DotnetEdu.API\DotnetEdu.API.csproj", "{A6FF3C2F-7DFE-4586-8C41-CB930293AB07}"
EndProject
Global
	GlobalSection(SolutionConfigurationPlatforms) = preSolution
		Debug|Any CPU = Debug|Any CPU
		Release|Any CPU = Release|Any CPU
	EndGlobalSection
	GlobalSection(ProjectConfigurationPlatforms) = postSolution
		{239009F3-6701-4800-B8FC-3D602EE5DB30}.Debug|Any CPU.ActiveCfg = Debug|Any CPU
		{239009F3-6701-4800-B8FC-3D602EE5DB30}.Debug|Any CPU.Build.0 = Debug|Any CPU
		{239009F3-6701-4800-B8FC-3D602EE5DB30}.Release|Any CPU.ActiveCfg = Release|Any CPU
		{239009F3-6701-4800-B8FC-3D602EE5DB30}.Release|Any CPU.Build.0 = Release|Any CPU
		{E1B34BF1-9C4F-4CDB-A837-148FCACF713F}.Debug|Any CPU.ActiveCfg = Debug|Any CPU
		{E1B34BF1-9C4F-4CDB-A837-148FCACF713F}.Debug|Any CPU.Build.0 = Debug|Any CPU
		{E1B34BF1-9C4F-4CDB-A837-148FCACF713F}.Release|Any CPU.ActiveCfg = Release|Any CPU
		{E1B34BF1-9C4F-4CDB-A837-148FCACF713F}.Release|Any CPU.Build.0 = Release|Any CPU
		{7FCD05D8-BB24-4F0B-B308-B49FB275D4A9}.Debug|Any CPU.ActiveCfg = Debug|Any CPU
		{7FCD05D8-BB24-4F0B-B308-B49FB275D4A9}.Debug|Any CPU.Build.0 = Debug|Any CPU
		{7FCD05D8-BB24-4F0B-B308-B49FB275D4A9}.Release|Any CPU.ActiveCfg = Release|Any CPU
		{7FCD05D8-BB24-4F0B-B308-B49FB275D4A9}.Release|Any CPU.Build.0 = Release|Any CPU
		{A6FF3C2F-7DFE-4586-8C41-CB930293AB07}.Debug|Any CPU.ActiveCfg = Debug|Any CPU
		{A6FF3C2F-7DFE-4586-8C41-CB930293AB07}.Debug|Any CPU.Build.0 = Debug|Any CPU
		{A6FF3C2F-7DFE-4586-8C41-CB930293AB07}.Release|Any CPU.ActiveCfg = Release|Any CPU
		{A6FF3C2F-7DFE-4586-8C41-CB930293AB07}.Release|Any CPU.Build.0 = Release|Any CPU
	EndGlobalSection
	GlobalSection(SolutionProperties) = preSolution
		HideSolutionNode = FALSE
	EndGlobalSection
	GlobalSection(NestedProjects) = preSolution
		{239009F3-6701-4800-B8FC-3D602EE5DB30} = {60C51BC9-B425-46F1-8F2A-BE6A513A7EAF}
		{E1B34BF1-9C4F-4CDB-A837-148FCACF713F} = {60C51BC9-B425-46F1-8F2A-BE6A513A7EAF}
		{7FCD05D8-BB24-4F0B-B308-B49FB275D4A9} = {60C51BC9-B425-46F1-8F2A-BE6A513A7EAF}
		{A6FF3C2F-7DFE-4586-8C41-CB930293AB07} = {60C51BC9-B425-46F1-8F2A-BE6A513A7EAF}
	EndGlobalSection
	GlobalSection(ExtensibilityGlobals) = postSolution
		SolutionGuid = {03F2C407-6FF5-4BF4-8A4C-FFEB7AB9B675}
	EndGlobalSection
EndGlobal
